github.com/bbernhard/imagemonkey-playground v0.0.0-20191108184213-f360a5e0f423 h1:Utdclk3vaLQW8TgMS4LFQ+c4HZVtVgtmmI/nis02DTU=
github.com/certifi/gocertifi v0.0.0-20191021191039-0944d244cd40 h1:xvUo53O5MRZhVMJAxWCJcS5HHrqAiAG9SJ1LpMu6aAI=
github.com/certifi/gocertifi v0.0.0-20191021191039-0944d244cd40/go.mod h1:sGbDF6GwGcLpkNXPUTkMRoywsNa/ol15pxFe6ERfguA=
github.com/davecgh/go-spew v1.1.1/go.mod h1:J7Y8YcW2NihsgmVo/mv3lAwl/skON4iLHjSsI+c5H38=
github.com/disintegration/imaging v1.6.1 h1:JnBbK6ECIZb1NsWIikP9pd8gIlTIRx7fuDNpU9fsxOE=
github.com/disintegration/imaging v1.6.1/go.mod h1:xuIt+sRxDFrHS0drzXUlCJthkJ8k7lkkUojDSR247MQ=
github.com/garyburd/redigo v1.6.0 h1:0VruCpn7yAIIu7pWVClQC8wxCJEcG3nyzpMSHKi1PQc=
github.com/garyburd/redigo v1.6.0/go.mod h1:NR3MbYisc3/PwhQ00EMzDiPmrwpPxAn5GI05/YaO1SY=
github.com/getsentry/raven-go v0.2.0 h1:no+xWJRb5ZI7eE8TWgIq1jLulQiIoLG0IfYxv5JYMGs=
github.com/getsentry/raven-go v0.2.0/go.mod h1:KungGk8q33+aIAZUIVWZDr2OfAEBsO49PX4NzFV5kcQ=
github.com/konsorten/go-windows-terminal-sequences v1.0.1/go.mod h1:T0+1ngSBFLxvqU3pZ+m/2kptfBszLMUkC4ZK/EgS/cQ=
github.com/pkg/errors v0.8.1 h1:iURUrRGxPUNPdy5/HRSm+Yj6okJ6UtLINN0Q9M4+h3I=
github.com/pkg/errors v0.8.1/go.mod h1:bwawxfHBFNV+L2hUp1rHADufV3IMtnDRdf1r5NINEl0=
github.com/pmezard/go-difflib v1.0.0/go.mod h1:iKH77koFhYxTK1pcRnkKkqfTogsbg7gZNVY4sRDYZ/4=
github.com/sirupsen/logrus v1.4.2 h1:SPIRibHv4MatM3XXNO2BJeFLZwZ2LvZgfQ5+UNI2im4=
github.com/sirupsen/logrus v1.4.2/go.mod h1:tLMulIdttU9McNUspp0xgXVQah82FyeX6MwdIuYE2rE=
github.com/stretchr/objx v0.1.1/go.mod h1:HFkY916IF+rwdDfMAkV7OtwuqBVzrE8GR6GFx+wExME=
github.com/stretchr/testify v1.2.2/go.mod h1:a8OnRcib4nhh0OaRAV+Yts87kKdq0PP7pXfy6kDkUVs=
github.com/tensorflow/tensorflow v2.0.0+incompatible h1:Xf8wCz3sNw9aCkRZZs2zj7KT5MVsMjFfsg9nUzqnvH8=
github.com/tensorflow/tensorflow v2.0.0+incompatible/go.mod h1:itOSERT4trABok4UOoG+X4BoKds9F3rIsySdn+Lvu90=
golang.org/x/image v0.0.0-20180708004352-c73c2afc3b81 h1:00VmoueYNlNz/aHIilyyQz/MHSqGoWJzpFv/HW8xpzI=
golang.org/x/image v0.0.0-20180708004352-c73c2afc3b81/go.mod h1:ux5Hcp/YLpHSI86hEcLt0YII63i6oz57MZXIpbrjZUs=
golang.org/x/sys v0.0.0-20190422165155-953cdadca894 h1:Cz4ceDQGXuKRnVBDTS23GTn/pU5OE2C0WrNTOYK1Uuc=
golang.org/x/sys v0.0.0-20190422165155-953cdadca894/go.mod h1:h1NjWce9XRLGQEsW7wpKNCjG9DtNlClVuFLEZdDNbEs=
